# Generated by buf. DO NOT EDIT.
version: v2
deps:
  - name: buf.build/charmmtech/common
    commit: b9d8a90352444f15bf07427e4ba4712b
    digest: b5:d25e903e042ede4ecbde72f03c54a07b1268ed407c2d22073c1e5694142d8a201de94e2a7502a635f9b44f12230eb536a56a9351a67d93963bf2238706c399da
  - name: buf.build/googleapis/googleapis
    commit: 536964a08a534d51b8f30f2d6751f1f9
    digest: b5:3e05d27e797b00c345fadd3c15cf0e16c4cc693036a55059721e66d6ce22a96264a4897658c9243bb0874fa9ca96e437589eb512189d2754604a626c632f6030
